<?xml version="1.0" encoding="utf-8"?>
<Project ToolsVersion="17.0" xmlns="http://schemas.microsoft.com/developer/msbuild/2003">
  <ItemGroup>
    <CustomBuild Include="C:\Users\Rehmer\OpenCV\Win64_py_cv2\CMakeFiles\375eab941eb96da3990399aee9cad338\pyopencv_generated_enums.h.rule">
      <Filter>CMake Rules</Filter>
    </CustomBuild>
    <CustomBuild Include="C:\Users\Rehmer\OpenCV\Win64_py_cv2\CMakeFiles\37c749923bc92af48d1c364cad54bace\gen_opencv_python_source.rule">
      <Filter>CMake Rules</Filter>
    </CustomBuild>
    <CustomBuild Include="C:\Users\Rehmer\Documents\GitHub\HSOpenCV\source\modules\python\bindings\CMakeLists.txt" />
  </ItemGroup>
  <ItemGroup>
    <None Include="C:\Users\Rehmer\OpenCV\Win64_py_cv2\modules\python_bindings_generator\CMakeFiles\gen_opencv_python_source" />
  </ItemGroup>
  <ItemGroup>
    <Filter Include="CMake Rules">
      <UniqueIdentifier>{500A9C2A-39D1-3C17-B208-CD274D00CED4}</UniqueIdentifier>
    </Filter>
  </ItemGroup>
</Project>
