
Microsoft Visual Studio Solution File, Format Version 12.00
# Visual Studio Version 17
Project("{2150E333-8FDC-42A3-9474-1A3956D46DE8}") = "CMakeTargets", "CMakeTargets", "{A65FCEFD-C15A-36F9-8452-221A75231E6C}"
EndProject
Project("{8BC9CEB8-8B4A-11D0-8D11-00A0C91BC942}") = "ALL_BUILD", "ALL_BUILD.vcxproj", "{0C2EF9A7-3B68-3239-8DA5-D1D41B123C33}"
	ProjectSection(ProjectDependencies) = postProject
		{66896CB6-04CE-36B1-95D7-80A7E213A410} = {66896CB6-04CE-36B1-95D7-80A7E213A410}
	EndProjectSection
EndProject
Project("{8BC9CEB8-8B4A-11D0-8D11-00A0C91BC942}") = "INSTALL", "INSTALL.vcxproj", "{E3862900-F1A5-3A28-8601-F7222663CFCE}"
	ProjectSection(ProjectDependencies) = postProject
		{0C2EF9A7-3B68-3239-8DA5-D1D41B123C33} = {0C2EF9A7-3B68-3239-8DA5-D1D41B123C33}
		{66896CB6-04CE-36B1-95D7-80A7E213A410} = {66896CB6-04CE-36B1-95D7-80A7E213A410}
	EndProjectSection
EndProject
Project("{8BC9CEB8-8B4A-11D0-8D11-00A0C91BC942}") = "PACKAGE", "PACKAGE.vcxproj", "{3CFFDD6A-B6AA-3BC9-BE2D-08B1C4661D67}"
	ProjectSection(ProjectDependencies) = postProject
		{0C2EF9A7-3B68-3239-8DA5-D1D41B123C33} = {0C2EF9A7-3B68-3239-8DA5-D1D41B123C33}
		{66896CB6-04CE-36B1-95D7-80A7E213A410} = {66896CB6-04CE-36B1-95D7-80A7E213A410}
	EndProjectSection
EndProject
Project("{8BC9CEB8-8B4A-11D0-8D11-00A0C91BC942}") = "RUN_TESTS", "RUN_TESTS.vcxproj", "{5330CF9F-0D0B-3C0D-8D16-A24FDE853D9E}"
	ProjectSection(ProjectDependencies) = postProject
		{66896CB6-04CE-36B1-95D7-80A7E213A410} = {66896CB6-04CE-36B1-95D7-80A7E213A410}
	EndProjectSection
EndProject
Project("{8BC9CEB8-8B4A-11D0-8D11-00A0C91BC942}") = "ZERO_CHECK", "..\..\\ZERO_CHECK.vcxproj", "{66896CB6-04CE-36B1-95D7-80A7E213A410}"
	ProjectSection(ProjectDependencies) = postProject
	EndProjectSection
EndProject
Project("{8BC9CEB8-8B4A-11D0-8D11-00A0C91BC942}") = "gen_opencv_python_source", "gen_opencv_python_source.vcxproj", "{53EC4ECB-EE1F-31A0-A1F1-1E22B6661F18}"
	ProjectSection(ProjectDependencies) = postProject
		{66896CB6-04CE-36B1-95D7-80A7E213A410} = {66896CB6-04CE-36B1-95D7-80A7E213A410}
	EndProjectSection
EndProject
Global
	GlobalSection(SolutionConfigurationPlatforms) = preSolution
		Debug|x64 = Debug|x64
		Release|x64 = Release|x64
	EndGlobalSection
	GlobalSection(ProjectConfigurationPlatforms) = postSolution
		{0C2EF9A7-3B68-3239-8DA5-D1D41B123C33}.Debug|x64.ActiveCfg = Debug|x64
		{0C2EF9A7-3B68-3239-8DA5-D1D41B123C33}.Debug|x64.Build.0 = Debug|x64
		{0C2EF9A7-3B68-3239-8DA5-D1D41B123C33}.Release|x64.ActiveCfg = Release|x64
		{0C2EF9A7-3B68-3239-8DA5-D1D41B123C33}.Release|x64.Build.0 = Release|x64
		{E3862900-F1A5-3A28-8601-F7222663CFCE}.Debug|x64.ActiveCfg = Debug|x64
		{E3862900-F1A5-3A28-8601-F7222663CFCE}.Release|x64.ActiveCfg = Release|x64
		{3CFFDD6A-B6AA-3BC9-BE2D-08B1C4661D67}.Debug|x64.ActiveCfg = Debug|x64
		{3CFFDD6A-B6AA-3BC9-BE2D-08B1C4661D67}.Release|x64.ActiveCfg = Release|x64
		{5330CF9F-0D0B-3C0D-8D16-A24FDE853D9E}.Debug|x64.ActiveCfg = Debug|x64
		{5330CF9F-0D0B-3C0D-8D16-A24FDE853D9E}.Release|x64.ActiveCfg = Release|x64
		{66896CB6-04CE-36B1-95D7-80A7E213A410}.Debug|x64.ActiveCfg = Debug|x64
		{66896CB6-04CE-36B1-95D7-80A7E213A410}.Debug|x64.Build.0 = Debug|x64
		{66896CB6-04CE-36B1-95D7-80A7E213A410}.Release|x64.ActiveCfg = Release|x64
		{66896CB6-04CE-36B1-95D7-80A7E213A410}.Release|x64.Build.0 = Release|x64
		{53EC4ECB-EE1F-31A0-A1F1-1E22B6661F18}.Debug|x64.ActiveCfg = Debug|x64
		{53EC4ECB-EE1F-31A0-A1F1-1E22B6661F18}.Release|x64.ActiveCfg = Release|x64
	EndGlobalSection
	GlobalSection(NestedProjects) = preSolution
		{0C2EF9A7-3B68-3239-8DA5-D1D41B123C33} = {A65FCEFD-C15A-36F9-8452-221A75231E6C}
		{E3862900-F1A5-3A28-8601-F7222663CFCE} = {A65FCEFD-C15A-36F9-8452-221A75231E6C}
		{3CFFDD6A-B6AA-3BC9-BE2D-08B1C4661D67} = {A65FCEFD-C15A-36F9-8452-221A75231E6C}
		{5330CF9F-0D0B-3C0D-8D16-A24FDE853D9E} = {A65FCEFD-C15A-36F9-8452-221A75231E6C}
		{66896CB6-04CE-36B1-95D7-80A7E213A410} = {A65FCEFD-C15A-36F9-8452-221A75231E6C}
	EndGlobalSection
	GlobalSection(ExtensibilityGlobals) = postSolution
		SolutionGuid = {C20347B9-77DD-3649-BB8F-945BB2D175DE}
	EndGlobalSection
	GlobalSection(ExtensibilityAddIns) = postSolution
	EndGlobalSection
EndGlobal
