<?xml version="1.0" encoding="utf-8"?>
<Project ToolsVersion="17.0" xmlns="http://schemas.microsoft.com/developer/msbuild/2003">
  <ItemGroup>
    <CustomBuild Include="C:\Users\Rehmer\OpenCV\Win64_py_cv2\CMakeFiles\37c749923bc92af48d1c364cad54bace\PACKAGE_force.rule">
      <Filter>CMake Rules</Filter>
    </CustomBuild>
  </ItemGroup>
  <ItemGroup>
    <Filter Include="CMake Rules">
      <UniqueIdentifier>{500A9C2A-39D1-3C17-B208-CD274D00CED4}</UniqueIdentifier>
    </Filter>
  </ItemGroup>
</Project>
